// !$*UTF8*$!
{
	archiveVersion = 1;
	classes = {
	};
	objectVersion = 46;
	objects = {

/* Begin PBXBuildFile section */
		615950F31CFD9BD900B24287 /* AppDelegate.swift in Sources */ = {isa = PBXBuildFile; fileRef = 615950F21CFD9BD900B24287 /* AppDelegate.swift */; };
		615950F51CFD9BD900B24287 /* ViewController.swift in Sources */ = {isa = PBXBuildFile; fileRef = 615950F41CFD9BD900B24287 /* ViewController.swift */; };
		615950F81CFD9BD900B24287 /* Main.storyboard in Resources */ = {isa = PBXBuildFile; fileRef = 615950F61CFD9BD900B24287 /* Main.storyboard */; };
		615950FA1CFD9BD900B24287 /* Assets.xcassets in Resources */ = {isa = PBXBuildFile; fileRef = 615950F91CFD9BD900B24287 /* Assets.xcassets */; };
		615950FD1CFD9BD900B24287 /* LaunchScreen.storyboard in Resources */ = {isa = PBXBuildFile; fileRef = 615950FB1CFD9BD900B24287 /* LaunchScreen.storyboard */; };
		615951081CFD9BD900B24287 /* DownloadManagerTests.swift in Sources */ = {isa = PBXBuildFile; fileRef = 615951071CFD9BD900B24287 /* DownloadManagerTests.swift */; };
		615951131CFD9BD900B24287 /* DownloadManagerUITests.swift in Sources */ = {isa = PBXBuildFile; fileRef = 615951121CFD9BD900B24287 /* DownloadManagerUITests.swift */; };
		6159519D1CFD9D3C00B24287 /* DownloadManager.swift in Sources */ = {isa = PBXBuildFile; fileRef = 6159519C1CFD9D3C00B24287 /* DownloadManager.swift */; };
		615951A61CFD9E8400B24287 /* SSLogger.swift in Sources */ = {isa = PBXBuildFile; fileRef = 615951A51CFD9E8400B24287 /* SSLogger.swift */; };
		615951B41CFD9EDE00B24287 /* SSPath.swift in Sources */ = {isa = PBXBuildFile; fileRef = 615951AF1CFD9EDE00B24287 /* SSPath.swift */; };
		615951B51CFD9EDE00B24287 /* Storage.swift in Sources */ = {isa = PBXBuildFile; fileRef = 615951B01CFD9EDE00B24287 /* Storage.swift */; };
		615951B61CFD9EDE00B24287 /* Database.swift in Sources */ = {isa = PBXBuildFile; fileRef = 615951B11CFD9EDE00B24287 /* Database.swift */; };
		615951B71CFD9EDE00B24287 /* SQLiteDatabase.swift in Sources */ = {isa = PBXBuildFile; fileRef = 615951B21CFD9EDE00B24287 /* SQLiteDatabase.swift */; };
		615951B81CFD9EDE00B24287 /* SQLiteDatabaseTypes.swift in Sources */ = {isa = PBXBuildFile; fileRef = 615951B31CFD9EDE00B24287 /* SQLiteDatabaseTypes.swift */; };
		617B4B581CFECD2900FB5DCF /* SoftwareCell.swift in Sources */ = {isa = PBXBuildFile; fileRef = 617B4B571CFECD2900FB5DCF /* SoftwareCell.swift */; };
		B8BFF9353CF59BB655C513E4 /* Pods_DownloadManager.framework in Frameworks */ = {isa = PBXBuildFile; fileRef = DC6CC5B949E821CA8E7D711F /* Pods_DownloadManager.framework */; };
/* End PBXBuildFile section */

/* Begin PBXContainerItemProxy section */
		615951041CFD9BD900B24287 /* PBXContainerItemProxy */ = {
			isa = PBXContainerItemProxy;
			containerPortal = 615950E71CFD9BD900B24287 /* Project object */;
			proxyType = 1;
			remoteGlobalIDString = 615950EE1CFD9BD900B24287;
			remoteInfo = DownloadManager;
		};
		6159510F1CFD9BD900B24287 /* PBXContainerItemProxy */ = {
			isa = PBXContainerItemProxy;
			containerPortal = 615950E71CFD9BD900B24287 /* Project object */;
			proxyType = 1;
			remoteGlobalIDString = 615950EE1CFD9BD900B24287;
			remoteInfo = DownloadManager;
		};
/* End PBXContainerItemProxy section */

/* Begin PBXFileReference section */
		615950EF1CFD9BD900B24287 /* DownloadManager.app */ = {isa = PBXFileReference; explicitFileType = wrapper.application; includeInIndex = 0; path = DownloadManager.app; sourceTree = BUILT_PRODUCTS_DIR; };
		615950F21CFD9BD900B24287 /* AppDelegate.swift */ = {isa = PBXFileReference; lastKnownFileType = sourcecode.swift; path = AppDelegate.swift; sourceTree = "<group>"; };
		615950F41CFD9BD900B24287 /* ViewController.swift */ = {isa = PBXFileReference; lastKnownFileType = sourcecode.swift; path = ViewController.swift; sourceTree = "<group>"; };
		615950F71CFD9BD900B24287 /* Base */ = {isa = PBXFileReference; lastKnownFileType = file.storyboard; name = Base; path = Base.lproj/Main.storyboard; sourceTree = "<group>"; };
		615950F91CFD9BD900B24287 /* Assets.xcassets */ = {isa = PBXFileReference; lastKnownFileType = folder.assetcatalog; path = Assets.xcassets; sourceTree = "<group>"; };
		615950FC1CFD9BD900B24287 /* Base */ = {isa = PBXFileReference; lastKnownFileType = file.storyboard; name = Base; path = Base.lproj/LaunchScreen.storyboard; sourceTree = "<group>"; };
		615950FE1CFD9BD900B24287 /* Info.plist */ = {isa = PBXFileReference; lastKnownFileType = text.plist.xml; path = Info.plist; sourceTree = "<group>"; };
		615951031CFD9BD900B24287 /* DownloadManagerTests.xctest */ = {isa = PBXFileReference; explicitFileType = wrapper.cfbundle; includeInIndex = 0; path = DownloadManagerTests.xctest; sourceTree = BUILT_PRODUCTS_DIR; };
		615951071CFD9BD900B24287 /* DownloadManagerTests.swift */ = {isa = PBXFileReference; lastKnownFileType = sourcecode.swift; path = DownloadManagerTests.swift; sourceTree = "<group>"; };
		615951091CFD9BD900B24287 /* Info.plist */ = {isa = PBXFileReference; lastKnownFileType = text.plist.xml; path = Info.plist; sourceTree = "<group>"; };
		6159510E1CFD9BD900B24287 /* DownloadManagerUITests.xctest */ = {isa = PBXFileReference; explicitFileType = wrapper.cfbundle; includeInIndex = 0; path = DownloadManagerUITests.xctest; sourceTree = BUILT_PRODUCTS_DIR; };
		615951121CFD9BD900B24287 /* DownloadManagerUITests.swift */ = {isa = PBXFileReference; lastKnownFileType = sourcecode.swift; path = DownloadManagerUITests.swift; sourceTree = "<group>"; };
		615951141CFD9BD900B24287 /* Info.plist */ = {isa = PBXFileReference; lastKnownFileType = text.plist.xml; path = Info.plist; sourceTree = "<group>"; };
		6159519C1CFD9D3C00B24287 /* DownloadManager.swift */ = {isa = PBXFileReference; fileEncoding = 4; lastKnownFileType = sourcecode.swift; path = DownloadManager.swift; sourceTree = "<group>"; };
		615951A51CFD9E8400B24287 /* SSLogger.swift */ = {isa = PBXFileReference; fileEncoding = 4; lastKnownFileType = sourcecode.swift; path = SSLogger.swift; sourceTree = "<group>"; };
		615951AF1CFD9EDE00B24287 /* SSPath.swift */ = {isa = PBXFileReference; fileEncoding = 4; lastKnownFileType = sourcecode.swift; path = SSPath.swift; sourceTree = "<group>"; };
		615951B01CFD9EDE00B24287 /* Storage.swift */ = {isa = PBXFileReference; fileEncoding = 4; lastKnownFileType = sourcecode.swift; path = Storage.swift; sourceTree = "<group>"; };
		615951B11CFD9EDE00B24287 /* Database.swift */ = {isa = PBXFileReference; fileEncoding = 4; lastKnownFileType = sourcecode.swift; path = Database.swift; sourceTree = "<group>"; };
		615951B21CFD9EDE00B24287 /* SQLiteDatabase.swift */ = {isa = PBXFileReference; fileEncoding = 4; lastKnownFileType = sourcecode.swift; path = SQLiteDatabase.swift; sourceTree = "<group>"; };
		615951B31CFD9EDE00B24287 /* SQLiteDatabaseTypes.swift */ = {isa = PBXFileReference; fileEncoding = 4; lastKnownFileType = sourcecode.swift; path = SQLiteDatabaseTypes.swift; sourceTree = "<group>"; };
		617B4B571CFECD2900FB5DCF /* SoftwareCell.swift */ = {isa = PBXFileReference; fileEncoding = 4; lastKnownFileType = sourcecode.swift; path = SoftwareCell.swift; sourceTree = "<group>"; };
		D0BE0371FBCC68131D3BE084 /* Pods-DownloadManager.release.xcconfig */ = {isa = PBXFileReference; includeInIndex = 1; lastKnownFileType = text.xcconfig; name = "Pods-DownloadManager.release.xcconfig"; path = "Pods/Target Support Files/Pods-DownloadManager/Pods-DownloadManager.release.xcconfig"; sourceTree = "<group>"; };
		DC6CC5B949E821CA8E7D711F /* Pods_DownloadManager.framework */ = {isa = PBXFileReference; explicitFileType = wrapper.framework; includeInIndex = 0; path = Pods_DownloadManager.framework; sourceTree = BUILT_PRODUCTS_DIR; };
		E57A50F4436FF27C64D54DD5 /* Pods-DownloadManager.debug.xcconfig */ = {isa = PBXFileReference; includeInIndex = 1; lastKnownFileType = text.xcconfig; name = "Pods-DownloadManager.debug.xcconfig"; path = "Pods/Target Support Files/Pods-DownloadManager/Pods-DownloadManager.debug.xcconfig"; sourceTree = "<group>"; };
/* End PBXFileReference section */

/* Begin PBXFrameworksBuildPhase section */
		615950EC1CFD9BD900B24287 /* Frameworks */ = {
			isa = PBXFrameworksBuildPhase;
			buildActionMask = 2147483647;
			files = (
				B8BFF9353CF59BB655C513E4 /* Pods_DownloadManager.framework in Frameworks */,
			);
			runOnlyForDeploymentPostprocessing = 0;
		};
		615951001CFD9BD900B24287 /* Frameworks */ = {
			isa = PBXFrameworksBuildPhase;
			buildActionMask = 2147483647;
			files = (
			);
			runOnlyForDeploymentPostprocessing = 0;
		};
		6159510B1CFD9BD900B24287 /* Frameworks */ = {
			isa = PBXFrameworksBuildPhase;
			buildActionMask = 2147483647;
			files = (
			);
			runOnlyForDeploymentPostprocessing = 0;
		};
/* End PBXFrameworksBuildPhase section */

/* Begin PBXGroup section */
		615950E61CFD9BD900B24287 = {
			isa = PBXGroup;
			children = (
				615950F11CFD9BD900B24287 /* DownloadManager */,
				615951061CFD9BD900B24287 /* DownloadManagerTests */,
				615951111CFD9BD900B24287 /* DownloadManagerUITests */,
				615950F01CFD9BD900B24287 /* Products */,
				B905A472BB17EAAE21CB91DA /* Pods */,
				869F37C8FBA4317F08A62712 /* Frameworks */,
			);
			sourceTree = "<group>";
		};
		615950F01CFD9BD900B24287 /* Products */ = {
			isa = PBXGroup;
			children = (
				615950EF1CFD9BD900B24287 /* DownloadManager.app */,
				615951031CFD9BD900B24287 /* DownloadManagerTests.xctest */,
				6159510E1CFD9BD900B24287 /* DownloadManagerUITests.xctest */,
			);
			name = Products;
			sourceTree = "<group>";
		};
		615950F11CFD9BD900B24287 /* DownloadManager */ = {
			isa = PBXGroup;
			children = (
				6159519B1CFD9D1F00B24287 /* DownloadEngine */,
				615950F21CFD9BD900B24287 /* AppDelegate.swift */,
				615951941CFD9CF700B24287 /* Module */,
				6159518D1CFD9CEA00B24287 /* UI */,
				615951951CFD9D0100B24287 /* Support */,
			);
			path = DownloadManager;
			sourceTree = "<group>";
		};
		615951061CFD9BD900B24287 /* DownloadManagerTests */ = {
			isa = PBXGroup;
			children = (
				615951071CFD9BD900B24287 /* DownloadManagerTests.swift */,
				615951091CFD9BD900B24287 /* Info.plist */,
			);
			path = DownloadManagerTests;
			sourceTree = "<group>";
		};
		615951111CFD9BD900B24287 /* DownloadManagerUITests */ = {
			isa = PBXGroup;
			children = (
				615951121CFD9BD900B24287 /* DownloadManagerUITests.swift */,
				615951141CFD9BD900B24287 /* Info.plist */,
			);
			path = DownloadManagerUITests;
			sourceTree = "<group>";
		};
		6159518D1CFD9CEA00B24287 /* UI */ = {
			isa = PBXGroup;
			children = (
				615950F61CFD9BD900B24287 /* Main.storyboard */,
				615950F91CFD9BD900B24287 /* Assets.xcassets */,
				615950FB1CFD9BD900B24287 /* LaunchScreen.storyboard */,
			);
			name = UI;
			sourceTree = "<group>";
		};
		615951941CFD9CF700B24287 /* Module */ = {
			isa = PBXGroup;
			children = (
				615950F41CFD9BD900B24287 /* ViewController.swift */,
				617B4B571CFECD2900FB5DCF /* SoftwareCell.swift */,
			);
			name = Module;
			sourceTree = "<group>";
		};
		615951951CFD9D0100B24287 /* Support */ = {
			isa = PBXGroup;
			children = (
				615951AF1CFD9EDE00B24287 /* SSPath.swift */,
				615951B01CFD9EDE00B24287 /* Storage.swift */,
				615951B11CFD9EDE00B24287 /* Database.swift */,
				615951B21CFD9EDE00B24287 /* SQLiteDatabase.swift */,
				615951B31CFD9EDE00B24287 /* SQLiteDatabaseTypes.swift */,
				615951A51CFD9E8400B24287 /* SSLogger.swift */,
				615950FE1CFD9BD900B24287 /* Info.plist */,
			);
			name = Support;
			sourceTree = "<group>";
		};
		6159519B1CFD9D1F00B24287 /* DownloadEngine */ = {
			isa = PBXGroup;
			children = (
				6159519C1CFD9D3C00B24287 /* DownloadManager.swift */,
			);
			path = DownloadEngine;
			sourceTree = "<group>";
		};
		869F37C8FBA4317F08A62712 /* Frameworks */ = {
			isa = PBXGroup;
			children = (
				DC6CC5B949E821CA8E7D711F /* Pods_DownloadManager.framework */,
			);
			name = Frameworks;
			sourceTree = "<group>";
		};
		B905A472BB17EAAE21CB91DA /* Pods */ = {
			isa = PBXGroup;
			children = (
				E57A50F4436FF27C64D54DD5 /* Pods-DownloadManager.debug.xcconfig */,
				D0BE0371FBCC68131D3BE084 /* Pods-DownloadManager.release.xcconfig */,
			);
			name = Pods;
			sourceTree = "<group>";
		};
/* End PBXGroup section */

/* Begin PBXNativeTarget section */
		615950EE1CFD9BD900B24287 /* DownloadManager */ = {
			isa = PBXNativeTarget;
			buildConfigurationList = 615951171CFD9BD900B24287 /* Build configuration list for PBXNativeTarget "DownloadManager" */;
			buildPhases = (
				EDC74D446AC4BDC001EA5D76 /* Check Pods Manifest.lock */,
				615950EB1CFD9BD900B24287 /* Sources */,
				615950EC1CFD9BD900B24287 /* Frameworks */,
				615950ED1CFD9BD900B24287 /* Resources */,
				02D09BB074D4CCBFD4F20023 /* Embed Pods Frameworks */,
				81060539210ABC3A94E3A330 /* Copy Pods Resources */,
			);
			buildRules = (
			);
			dependencies = (
			);
			name = DownloadManager;
			productName = DownloadManager;
			productReference = 615950EF1CFD9BD900B24287 /* DownloadManager.app */;
			productType = "com.apple.product-type.application";
		};
		615951021CFD9BD900B24287 /* DownloadManagerTests */ = {
			isa = PBXNativeTarget;
			buildConfigurationList = 6159511A1CFD9BD900B24287 /* Build configuration list for PBXNativeTarget "DownloadManagerTests" */;
			buildPhases = (
				615950FF1CFD9BD900B24287 /* Sources */,
				615951001CFD9BD900B24287 /* Frameworks */,
				615951011CFD9BD900B24287 /* Resources */,
			);
			buildRules = (
			);
			dependencies = (
				615951051CFD9BD900B24287 /* PBXTargetDependency */,
			);
			name = DownloadManagerTests;
			productName = DownloadManagerTests;
			productReference = 615951031CFD9BD900B24287 /* DownloadManagerTests.xctest */;
			productType = "com.apple.product-type.bundle.unit-test";
		};
		6159510D1CFD9BD900B24287 /* DownloadManagerUITests */ = {
			isa = PBXNativeTarget;
			buildConfigurationList = 6159511D1CFD9BD900B24287 /* Build configuration list for PBXNativeTarget "DownloadManagerUITests" */;
			buildPhases = (
				6159510A1CFD9BD900B24287 /* Sources */,
				6159510B1CFD9BD900B24287 /* Frameworks */,
				6159510C1CFD9BD900B24287 /* Resources */,
			);
			buildRules = (
			);
			dependencies = (
				615951101CFD9BD900B24287 /* PBXTargetDependency */,
			);
			name = DownloadManagerUITests;
			productName = DownloadManagerUITests;
			productReference = 6159510E1CFD9BD900B24287 /* DownloadManagerUITests.xctest */;
			productType = "com.apple.product-type.bundle.ui-testing";
		};
/* End PBXNativeTarget section */

/* Begin PBXProject section */
		615950E71CFD9BD900B24287 /* Project object */ = {
			isa = PBXProject;
			attributes = {
				LastSwiftUpdateCheck = 0730;
				LastUpgradeCheck = 0730;
				ORGANIZATIONNAME = wangchao9;
				TargetAttributes = {
					615950EE1CFD9BD900B24287 = {
						CreatedOnToolsVersion = 7.3.1;
					};
					615951021CFD9BD900B24287 = {
						CreatedOnToolsVersion = 7.3.1;
						TestTargetID = 615950EE1CFD9BD900B24287;
					};
					6159510D1CFD9BD900B24287 = {
						CreatedOnToolsVersion = 7.3.1;
						TestTargetID = 615950EE1CFD9BD900B24287;
					};
				};
			};
			buildConfigurationList = 615950EA1CFD9BD900B24287 /* Build configuration list for PBXProject "DownloadManager" */;
			compatibilityVersion = "Xcode 3.2";
			developmentRegion = English;
			hasScannedForEncodings = 0;
			knownRegions = (
				en,
				Base,
			);
			mainGroup = 615950E61CFD9BD900B24287;
			productRefGroup = 615950F01CFD9BD900B24287 /* Products */;
			projectDirPath = "";
			projectRoot = "";
			targets = (
				615950EE1CFD9BD900B24287 /* DownloadManager */,
				615951021CFD9BD900B24287 /* DownloadManagerTests */,
				6159510D1CFD9BD900B24287 /* DownloadManagerUITests */,
			);
		};
/* End PBXProject section */

/* Begin PBXResourcesBuildPhase section */
		615950ED1CFD9BD900B24287 /* Resources */ = {
			isa = PBXResourcesBuildPhase;
			buildActionMask = 2147483647;
			files = (
				615950FD1CFD9BD900B24287 /* LaunchScreen.storyboard in Resources */,
				615950FA1CFD9BD900B24287 /* Assets.xcassets in Resources */,
				615950F81CFD9BD900B24287 /* Main.storyboard in Resources */,
			);
			runOnlyForDeploymentPostprocessing = 0;
		};
		615951011CFD9BD900B24287 /* Resources */ = {
			isa = PBXResourcesBuildPhase;
			buildActionMask = 2147483647;
			files = (
			);
			runOnlyForDeploymentPostprocessing = 0;
		};
		6159510C1CFD9BD900B24287 /* Resources */ = {
			isa = PBXResourcesBuildPhase;
			buildActionMask = 2147483647;
			files = (
			);
			runOnlyForDeploymentPostprocessing = 0;
		};
/* End PBXResourcesBuildPhase section */

/* Begin PBXShellScriptBuildPhase section */
		02D09BB074D4CCBFD4F20023 /* Embed Pods Frameworks */ = {
			isa = PBXShellScriptBuildPhase;
			buildActionMask = 2147483647;
			files = (
			);
			inputPaths = (
			);
			name = "Embed Pods Frameworks";
			outputPaths = (
			);
			runOnlyForDeploymentPostprocessing = 0;
			shellPath = /bin/sh;
			shellScript = "\"${SRCROOT}/Pods/Target Support Files/Pods-DownloadManager/Pods-DownloadManager-frameworks.sh\"\n";
			showEnvVarsInLog = 0;
		};
		81060539210ABC3A94E3A330 /* Copy Pods Resources */ = {
			isa = PBXShellScriptBuildPhase;
			buildActionMask = 2147483647;
			files = (
			);
			inputPaths = (
			);
			name = "Copy Pods Resources";
			outputPaths = (
			);
			runOnlyForDeploymentPostprocessing = 0;
			shellPath = /bin/sh;
			shellScript = "\"${SRCROOT}/Pods/Target Support Files/Pods-DownloadManager/Pods-DownloadManager-resources.sh\"\n";
			showEnvVarsInLog = 0;
		};
		EDC74D446AC4BDC001EA5D76 /* Check Pods Manifest.lock */ = {
			isa = PBXShellScriptBuildPhase;
			buildActionMask = 2147483647;
			files = (
			);
			inputPaths = (
			);
			name = "Check Pods Manifest.lock";
			outputPaths = (
			);
			runOnlyForDeploymentPostprocessing = 0;
			shellPath = /bin/sh;
			shellScript = "diff \"${PODS_ROOT}/../Podfile.lock\" \"${PODS_ROOT}/Manifest.lock\" > /dev/null\nif [[ $? != 0 ]] ; then\n    cat << EOM\nerror: The sandbox is not in sync with the Podfile.lock. Run 'pod install' or update your CocoaPods installation.\nEOM\n    exit 1\nfi\n";
			showEnvVarsInLog = 0;
		};
/* End PBXShellScriptBuildPhase section */

/* Begin PBXSourcesBuildPhase section */
		615950EB1CFD9BD900B24287 /* Sources */ = {
			isa = PBXSourcesBuildPhase;
			buildActionMask = 2147483647;
			files = (
				615950F51CFD9BD900B24287 /* ViewController.swift in Sources */,
				615951B41CFD9EDE00B24287 /* SSPath.swift in Sources */,
				6159519D1CFD9D3C00B24287 /* DownloadManager.swift in Sources */,
				615950F31CFD9BD900B24287 /* AppDelegate.swift in Sources */,
				615951B81CFD9EDE00B24287 /* SQLiteDatabaseTypes.swift in Sources */,
				615951A61CFD9E8400B24287 /* SSLogger.swift in Sources */,
				615951B61CFD9EDE00B24287 /* Database.swift in Sources */,
				615951B71CFD9EDE00B24287 /* SQLiteDatabase.swift in Sources */,
				617B4B581CFECD2900FB5DCF /* SoftwareCell.swift in Sources */,
				615951B51CFD9EDE00B24287 /* Storage.swift in Sources */,
			);
			runOnlyForDeploymentPostprocessing = 0;
		};
		615950FF1CFD9BD900B24287 /* Sources */ = {
			isa = PBXSourcesBuildPhase;
			buildActionMask = 2147483647;
			files = (
				615951081CFD9BD900B24287 /* DownloadManagerTests.swift in Sources */,
			);
			runOnlyForDeploymentPostprocessing = 0;
		};
		6159510A1CFD9BD900B24287 /* Sources */ = {
			isa = PBXSourcesBuildPhase;
			buildActionMask = 2147483647;
			files = (
				615951131CFD9BD900B24287 /* DownloadManagerUITests.swift in Sources */,
			);
			runOnlyForDeploymentPostprocessing = 0;
		};
/* End PBXSourcesBuildPhase section */

/* Begin PBXTargetDependency section */
		615951051CFD9BD900B24287 /* PBXTargetDependency */ = {
			isa = PBXTargetDependency;
			target = 615950EE1CFD9BD900B24287 /* DownloadManager */;
			targetProxy = 615951041CFD9BD900B24287 /* PBXContainerItemProxy */;
		};
		615951101CFD9BD900B24287 /* PBXTargetDependency */ = {
			isa = PBXTargetDependency;
			target = 615950EE1CFD9BD900B24287 /* DownloadManager */;
			targetProxy = 6159510F1CFD9BD900B24287 /* PBXContainerItemProxy */;
		};
/* End PBXTargetDependency section */

/* Begin PBXVariantGroup section */
		615950F61CFD9BD900B24287 /* Main.storyboard */ = {
			isa = PBXVariantGroup;
			children = (
				615950F71CFD9BD900B24287 /* Base */,
			);
			name = Main.storyboard;
			sourceTree = "<group>";
		};
		615950FB1CFD9BD900B24287 /* LaunchScreen.storyboard */ = {
			isa = PBXVariantGroup;
			children = (
				615950FC1CFD9BD900B24287 /* Base */,
			);
			name = LaunchScreen.storyboard;
			sourceTree = "<group>";
		};
/* End PBXVariantGroup section */

/* Begin XCBuildConfiguration section */
		615951151CFD9BD900B24287 /* Debug */ = {
			isa = XCBuildConfiguration;
			buildSettings = {
				ALWAYS_SEARCH_USER_PATHS = NO;
				CLANG_ANALYZER_NONNULL = YES;
				CLANG_CXX_LANGUAGE_STANDARD = "gnu++0x";
				CLANG_CXX_LIBRARY = "libc++";
				CLANG_ENABLE_MODULES = YES;
				CLANG_ENABLE_OBJC_ARC = YES;
				CLANG_WARN_BOOL_CONVERSION = YES;
				CLANG_WARN_CONSTANT_CONVERSION = YES;
				CLANG_WARN_DIRECT_OBJC_ISA_USAGE = YES_ERROR;
				CLANG_WARN_EMPTY_BODY = YES;
				CLANG_WARN_ENUM_CONVERSION = YES;
				CLANG_WARN_INT_CONVERSION = YES;
				CLANG_WARN_OBJC_ROOT_CLASS = YES_ERROR;
				CLANG_WARN_UNREACHABLE_CODE = YES;
				CLANG_WARN__DUPLICATE_METHOD_MATCH = YES;
				"CODE_SIGN_IDENTITY[sdk=iphoneos*]" = "iPhone Developer";
				COPY_PHASE_STRIP = NO;
				DEBUG_INFORMATION_FORMAT = dwarf;
				ENABLE_STRICT_OBJC_MSGSEND = YES;
				ENABLE_TESTABILITY = YES;
				GCC_C_LANGUAGE_STANDARD = gnu99;
				GCC_DYNAMIC_NO_PIC = NO;
				GCC_NO_COMMON_BLOCKS = YES;
				GCC_OPTIMIZATION_LEVEL = 0;
				GCC_PREPROCESSOR_DEFINITIONS = (
					"DEBUG=1",
					"$(inherited)",
				);
				GCC_WARN_64_TO_32_BIT_CONVERSION = YES;
				GCC_WARN_ABOUT_RETURN_TYPE = YES_ERROR;
				GCC_WARN_UNDECLARED_SELECTOR = YES;
				GCC_WARN_UNINITIALIZED_AUTOS = YES_AGGRESSIVE;
				GCC_WARN_UNUSED_FUNCTION = YES;
				GCC_WARN_UNUSED_VARIABLE = YES;
				IPHONEOS_DEPLOYMENT_TARGET = 9.3;
				MTL_ENABLE_DEBUG_INFO = YES;
				ONLY_ACTIVE_ARCH = YES;
				SDKROOT = iphoneos;
				SWIFT_OPTIMIZATION_LEVEL = "-Onone";
				TARGETED_DEVICE_FAMILY = "1,2";
			};
			name = Debug;
		};
		615951161CFD9BD900B24287 /* Release */ = {
			isa = XCBuildConfiguration;
			buildSettings = {
				ALWAYS_SEARCH_USER_PATHS = NO;
				CLANG_ANALYZER_NONNULL = YES;
				CLANG_CXX_LANGUAGE_STANDARD = "gnu++0x";
				CLANG_CXX_LIBRARY = "libc++";
				CLANG_ENABLE_MODULES = YES;
				CLANG_ENABLE_OBJC_ARC = YES;
				CLANG_WARN_BOOL_CONVERSION = YES;
				CLANG_WARN_CONSTANT_CONVERSION = YES;
				CLANG_WARN_DIRECT_OBJC_ISA_USAGE = YES_ERROR;
				CLANG_WARN_EMPTY_BODY = YES;
				CLANG_WARN_ENUM_CONVERSION = YES;
				CLANG_WARN_INT_CONVERSION = YES;
				CLANG_WARN_OBJC_ROOT_CLASS = YES_ERROR;
				CLANG_WARN_UNREACHABLE_CODE = YES;
				CLANG_WARN__DUPLICATE_METHOD_MATCH = YES;
				"CODE_SIGN_IDENTITY[sdk=iphoneos*]" = "iPhone Developer";
				COPY_PHASE_STRIP = NO;
				DEBUG_INFORMATION_FORMAT = "dwarf-with-dsym";
				ENABLE_NS_ASSERTIONS = NO;
				ENABLE_STRICT_OBJC_MSGSEND = YES;
				GCC_C_LANGUAGE_STANDARD = gnu99;
				GCC_NO_COMMON_BLOCKS = YES;
				GCC_WARN_64_TO_32_BIT_CONVERSION = YES;
				GCC_WARN_ABOUT_RETURN_TYPE = YES_ERROR;
				GCC_WARN_UNDECLARED_SELECTOR = YES;
				GCC_WARN_UNINITIALIZED_AUTOS = YES_AGGRESSIVE;
				GCC_WARN_UNUSED_FUNCTION = YES;
				GCC_WARN_UNUSED_VARIABLE = YES;
				IPHONEOS_DEPLOYMENT_TARGET = 9.3;
				MTL_ENABLE_DEBUG_INFO = NO;
				SDKROOT = iphoneos;
				TARGETED_DEVICE_FAMILY = "1,2";
				VALIDATE_PRODUCT = YES;
			};
			name = Release;
		};
		615951181CFD9BD900B24287 /* Debug */ = {
			isa = XCBuildConfiguration;
			baseConfigurationReference = E57A50F4436FF27C64D54DD5 /* Pods-DownloadManager.debug.xcconfig */;
			buildSettings = {
				ASSETCATALOG_COMPILER_APPICON_NAME = AppIcon;
				CODE_SIGN_IDENTITY = "iPhone Developer: xiehui xie (T673VPKMTZ)";
				"CODE_SIGN_IDENTITY[sdk=iphoneos*]" = "iPhone Developer: xiehui xie (T673VPKMTZ)";
				INFOPLIST_FILE = DownloadManager/Info.plist;
				LD_RUNPATH_SEARCH_PATHS = "$(inherited) @executable_path/Frameworks";
				PRODUCT_BUNDLE_IDENTIFIER = com.le.DownloadManager;
				PRODUCT_NAME = "$(TARGET_NAME)";
				PROVISIONING_PROFILE = "0b32eff8-3f5b-4f01-b3f4-24818cd53da1";
			};
			name = Debug;
		};
		615951191CFD9BD900B24287 /* Release */ = {
			isa = XCBuildConfiguration;
			baseConfigurationReference = D0BE0371FBCC68131D3BE084 /* Pods-DownloadManager.release.xcconfig */;
			buildSettings = {
				ASSETCATALOG_COMPILER_APPICON_NAME = AppIcon;
				INFOPLIST_FILE = DownloadManager/Info.plist;
				LD_RUNPATH_SEARCH_PATHS = "$(inherited) @executable_path/Frameworks";
				PRODUCT_BUNDLE_IDENTIFIER = com.le.DownloadManager;
				PRODUCT_NAME = "$(TARGET_NAME)";
			};
			name = Release;
		};
		6159511B1CFD9BD900B24287 /* Debug */ = {
			isa = XCBuildConfiguration;
			buildSettings = {
				BUNDLE_LOADER = "$(TEST_HOST)";
				INFOPLIST_FILE = DownloadManagerTests/Info.plist;
				LD_RUNPATH_SEARCH_PATHS = "$(inherited) @executable_path/Frameworks @loader_path/Frameworks";
				PRODUCT_BUNDLE_IDENTIFIER = com.le.DownloadManagerTests;
				PRODUCT_NAME = "$(TARGET_NAME)";
				TEST_HOST = "$(BUILT_PRODUCTS_DIR)/DownloadManager.app/DownloadManager";
			};
			name = Debug;
		};
		6159511C1CFD9BD900B24287 /* Release */ = {
			isa = XCBuildConfiguration;
			buildSettings = {
				BUNDLE_LOADER = "$(TEST_HOST)";
				INFOPLIST_FILE = DownloadManagerTests/Info.plist;
				LD_RUNPATH_SEARCH_PATHS = "$(inherited) @executable_path/Frameworks @loader_path/Frameworks";
				PRODUCT_BUNDLE_IDENTIFIER = com.le.DownloadManagerTests;
				PRODUCT_NAME = "$(TARGET_NAME)";
				TEST_HOST = "$(BUILT_PRODUCTS_DIR)/DownloadManager.app/DownloadManager";
			};
			name = Release;
		};
		6159511E1CFD9BD900B24287 /* Debug */ = {
			isa = XCBuildConfiguration;
			buildSettings = {
				INFOPLIST_FILE = DownloadManagerUITests/Info.plist;
				LD_RUNPATH_SEARCH_PATHS = "$(inherited) @executable_path/Frameworks @loader_path/Frameworks";
				PRODUCT_BUNDLE_IDENTIFIER = com.le.DownloadManagerUITests;
				PRODUCT_NAME = "$(TARGET_NAME)";
				TEST_TARGET_NAME = DownloadManager;
			};
			name = Debug;
		};
		6159511F1CFD9BD900B24287 /* Release */ = {
			isa = XCBuildConfiguration;
			buildSettings = {
				INFOPLIST_FILE = DownloadManagerUITests/Info.plist;
				LD_RUNPATH_SEARCH_PATHS = "$(inherited) @executable_path/Frameworks @loader_path/Frameworks";
				PRODUCT_BUNDLE_IDENTIFIER = com.le.DownloadManagerUITests;
				PRODUCT_NAME = "$(TARGET_NAME)";
				TEST_TARGET_NAME = DownloadManager;
			};
			name = Release;
		};
/* End XCBuildConfiguration section */

/* Begin XCConfigurationList section */
		615950EA1CFD9BD900B24287 /* Build configuration list for PBXProject "DownloadManager" */ = {
			isa = XCConfigurationList;
			buildConfigurations = (
				615951151CFD9BD900B24287 /* Debug */,
				615951161CFD9BD900B24287 /* Release */,
			);
			defaultConfigurationIsVisible = 0;
			defaultConfigurationName = Release;
		};
		615951171CFD9BD900B24287 /* Build configuration list for PBXNativeTarget "DownloadManager" */ = {
			isa = XCConfigurationList;
			buildConfigurations = (
				615951181CFD9BD900B24287 /* Debug */,
				615951191CFD9BD900B24287 /* Release */,
			);
			defaultConfigurationIsVisible = 0;
			defaultConfigurationName = Release;
		};
		6159511A1CFD9BD900B24287 /* Build configuration list for PBXNativeTarget "DownloadManagerTests" */ = {
			isa = XCConfigurationList;
			buildConfigurations = (
				6159511B1CFD9BD900B24287 /* Debug */,
				6159511C1CFD9BD900B24287 /* Release */,
			);
			defaultConfigurationIsVisible = 0;
			defaultConfigurationName = Release;
		};
		6159511D1CFD9BD900B24287 /* Build configuration list for PBXNativeTarget "DownloadManagerUITests" */ = {
			isa = XCConfigurationList;
			buildConfigurations = (
				6159511E1CFD9BD900B24287 /* Debug */,
				6159511F1CFD9BD900B24287 /* Release */,
			);
			defaultConfigurationIsVisible = 0;
			defaultConfigurationName = Release;
		};
/* End XCConfigurationList section */
	};
	rootObject = 615950E71CFD9BD900B24287 /* Project object */;
}
