// !$*UTF8*$!
{
	archiveVersion = 1;
	classes = {
	};
	objectVersion = 46;
	objects = {

/* Begin PBXBuildFile section */
		610154D01CBCDC7A003CAA7E /* AppDelegate.swift in Sources */ = {isa = PBXBuildFile; fileRef = 610154CF1CBCDC7A003CAA7E /* AppDelegate.swift */; };
		610154D21CBCDC7A003CAA7E /* ViewController.swift in Sources */ = {isa = PBXBuildFile; fileRef = 610154D11CBCDC7A003CAA7E /* ViewController.swift */; };
		610154D51CBCDC7A003CAA7E /* Main.storyboard in Resources */ = {isa = PBXBuildFile; fileRef = 610154D31CBCDC7A003CAA7E /* Main.storyboard */; };
		610154D71CBCDC7A003CAA7E /* Assets.xcassets in Resources */ = {isa = PBXBuildFile; fileRef = 610154D61CBCDC7A003CAA7E /* Assets.xcassets */; };
		610154DA1CBCDC7A003CAA7E /* LaunchScreen.storyboard in Resources */ = {isa = PBXBuildFile; fileRef = 610154D81CBCDC7A003CAA7E /* LaunchScreen.storyboard */; };
		610154E51CBCDC7A003CAA7E /* GenericAndExtensionTests.swift in Sources */ = {isa = PBXBuildFile; fileRef = 610154E41CBCDC7A003CAA7E /* GenericAndExtensionTests.swift */; };
		610154F01CBCDC7A003CAA7E /* GenericAndExtensionUITests.swift in Sources */ = {isa = PBXBuildFile; fileRef = 610154EF1CBCDC7A003CAA7E /* GenericAndExtensionUITests.swift */; };
		6101550E1CBCDD56003CAA7E /* GClass.swift in Sources */ = {isa = PBXBuildFile; fileRef = 6101550D1CBCDD56003CAA7E /* GClass.swift */; };
/* End PBXBuildFile section */

/* Begin PBXContainerItemProxy section */
		610154E11CBCDC7A003CAA7E /* PBXContainerItemProxy */ = {
			isa = PBXContainerItemProxy;
			containerPortal = 610154C41CBCDC79003CAA7E /* Project object */;
			proxyType = 1;
			remoteGlobalIDString = 610154CB1CBCDC79003CAA7E;
			remoteInfo = GenericAndExtension;
		};
		610154EC1CBCDC7A003CAA7E /* PBXContainerItemProxy */ = {
			isa = PBXContainerItemProxy;
			containerPortal = 610154C41CBCDC79003CAA7E /* Project object */;
			proxyType = 1;
			remoteGlobalIDString = 610154CB1CBCDC79003CAA7E;
			remoteInfo = GenericAndExtension;
		};
/* End PBXContainerItemProxy section */

/* Begin PBXFileReference section */
		610154CC1CBCDC79003CAA7E /* GenericAndExtension.app */ = {isa = PBXFileReference; explicitFileType = wrapper.application; includeInIndex = 0; path = GenericAndExtension.app; sourceTree = BUILT_PRODUCTS_DIR; };
		610154CF1CBCDC7A003CAA7E /* AppDelegate.swift */ = {isa = PBXFileReference; lastKnownFileType = sourcecode.swift; path = AppDelegate.swift; sourceTree = "<group>"; };
		610154D11CBCDC7A003CAA7E /* ViewController.swift */ = {isa = PBXFileReference; lastKnownFileType = sourcecode.swift; path = ViewController.swift; sourceTree = "<group>"; };
		610154D41CBCDC7A003CAA7E /* Base */ = {isa = PBXFileReference; lastKnownFileType = file.storyboard; name = Base; path = Base.lproj/Main.storyboard; sourceTree = "<group>"; };
		610154D61CBCDC7A003CAA7E /* Assets.xcassets */ = {isa = PBXFileReference; lastKnownFileType = folder.assetcatalog; path = Assets.xcassets; sourceTree = "<group>"; };
		610154D91CBCDC7A003CAA7E /* Base */ = {isa = PBXFileReference; lastKnownFileType = file.storyboard; name = Base; path = Base.lproj/LaunchScreen.storyboard; sourceTree = "<group>"; };
		610154DB1CBCDC7A003CAA7E /* Info.plist */ = {isa = PBXFileReference; lastKnownFileType = text.plist.xml; path = Info.plist; sourceTree = "<group>"; };
		610154E01CBCDC7A003CAA7E /* GenericAndExtensionTests.xctest */ = {isa = PBXFileReference; explicitFileType = wrapper.cfbundle; includeInIndex = 0; path = GenericAndExtensionTests.xctest; sourceTree = BUILT_PRODUCTS_DIR; };
		610154E41CBCDC7A003CAA7E /* GenericAndExtensionTests.swift */ = {isa = PBXFileReference; lastKnownFileType = sourcecode.swift; path = GenericAndExtensionTests.swift; sourceTree = "<group>"; };
		610154E61CBCDC7A003CAA7E /* Info.plist */ = {isa = PBXFileReference; lastKnownFileType = text.plist.xml; path = Info.plist; sourceTree = "<group>"; };
		610154EB1CBCDC7A003CAA7E /* GenericAndExtensionUITests.xctest */ = {isa = PBXFileReference; explicitFileType = wrapper.cfbundle; includeInIndex = 0; path = GenericAndExtensionUITests.xctest; sourceTree = BUILT_PRODUCTS_DIR; };
		610154EF1CBCDC7A003CAA7E /* GenericAndExtensionUITests.swift */ = {isa = PBXFileReference; lastKnownFileType = sourcecode.swift; path = GenericAndExtensionUITests.swift; sourceTree = "<group>"; };
		610154F11CBCDC7A003CAA7E /* Info.plist */ = {isa = PBXFileReference; lastKnownFileType = text.plist.xml; path = Info.plist; sourceTree = "<group>"; };
		6101550D1CBCDD56003CAA7E /* GClass.swift */ = {isa = PBXFileReference; fileEncoding = 4; lastKnownFileType = sourcecode.swift; path = GClass.swift; sourceTree = "<group>"; };
/* End PBXFileReference section */

/* Begin PBXFrameworksBuildPhase section */
		610154C91CBCDC79003CAA7E /* Frameworks */ = {
			isa = PBXFrameworksBuildPhase;
			buildActionMask = 2147483647;
			files = (
			);
			runOnlyForDeploymentPostprocessing = 0;
		};
		610154DD1CBCDC7A003CAA7E /* Frameworks */ = {
			isa = PBXFrameworksBuildPhase;
			buildActionMask = 2147483647;
			files = (
			);
			runOnlyForDeploymentPostprocessing = 0;
		};
		610154E81CBCDC7A003CAA7E /* Frameworks */ = {
			isa = PBXFrameworksBuildPhase;
			buildActionMask = 2147483647;
			files = (
			);
			runOnlyForDeploymentPostprocessing = 0;
		};
/* End PBXFrameworksBuildPhase section */

/* Begin PBXGroup section */
		610154C31CBCDC79003CAA7E = {
			isa = PBXGroup;
			children = (
				610154CE1CBCDC7A003CAA7E /* GenericAndExtension */,
				610154E31CBCDC7A003CAA7E /* GenericAndExtensionTests */,
				610154EE1CBCDC7A003CAA7E /* GenericAndExtensionUITests */,
				610154CD1CBCDC79003CAA7E /* Products */,
			);
			sourceTree = "<group>";
		};
		610154CD1CBCDC79003CAA7E /* Products */ = {
			isa = PBXGroup;
			children = (
				610154CC1CBCDC79003CAA7E /* GenericAndExtension.app */,
				610154E01CBCDC7A003CAA7E /* GenericAndExtensionTests.xctest */,
				610154EB1CBCDC7A003CAA7E /* GenericAndExtensionUITests.xctest */,
			);
			name = Products;
			sourceTree = "<group>";
		};
		610154CE1CBCDC7A003CAA7E /* GenericAndExtension */ = {
			isa = PBXGroup;
			children = (
				610154CF1CBCDC7A003CAA7E /* AppDelegate.swift */,
				610154D11CBCDC7A003CAA7E /* ViewController.swift */,
				610154D31CBCDC7A003CAA7E /* Main.storyboard */,
				610154D61CBCDC7A003CAA7E /* Assets.xcassets */,
				610154D81CBCDC7A003CAA7E /* LaunchScreen.storyboard */,
				610154DB1CBCDC7A003CAA7E /* Info.plist */,
				6101550D1CBCDD56003CAA7E /* GClass.swift */,
			);
			path = GenericAndExtension;
			sourceTree = "<group>";
		};
		610154E31CBCDC7A003CAA7E /* GenericAndExtensionTests */ = {
			isa = PBXGroup;
			children = (
				610154E41CBCDC7A003CAA7E /* GenericAndExtensionTests.swift */,
				610154E61CBCDC7A003CAA7E /* Info.plist */,
			);
			path = GenericAndExtensionTests;
			sourceTree = "<group>";
		};
		610154EE1CBCDC7A003CAA7E /* GenericAndExtensionUITests */ = {
			isa = PBXGroup;
			children = (
				610154EF1CBCDC7A003CAA7E /* GenericAndExtensionUITests.swift */,
				610154F11CBCDC7A003CAA7E /* Info.plist */,
			);
			path = GenericAndExtensionUITests;
			sourceTree = "<group>";
		};
/* End PBXGroup section */

/* Begin PBXNativeTarget section */
		610154CB1CBCDC79003CAA7E /* GenericAndExtension */ = {
			isa = PBXNativeTarget;
			buildConfigurationList = 610154F41CBCDC7A003CAA7E /* Build configuration list for PBXNativeTarget "GenericAndExtension" */;
			buildPhases = (
				610154C81CBCDC79003CAA7E /* Sources */,
				610154C91CBCDC79003CAA7E /* Frameworks */,
				610154CA1CBCDC79003CAA7E /* Resources */,
			);
			buildRules = (
			);
			dependencies = (
			);
			name = GenericAndExtension;
			productName = GenericAndExtension;
			productReference = 610154CC1CBCDC79003CAA7E /* GenericAndExtension.app */;
			productType = "com.apple.product-type.application";
		};
		610154DF1CBCDC7A003CAA7E /* GenericAndExtensionTests */ = {
			isa = PBXNativeTarget;
			buildConfigurationList = 610154F71CBCDC7A003CAA7E /* Build configuration list for PBXNativeTarget "GenericAndExtensionTests" */;
			buildPhases = (
				610154DC1CBCDC7A003CAA7E /* Sources */,
				610154DD1CBCDC7A003CAA7E /* Frameworks */,
				610154DE1CBCDC7A003CAA7E /* Resources */,
			);
			buildRules = (
			);
			dependencies = (
				610154E21CBCDC7A003CAA7E /* PBXTargetDependency */,
			);
			name = GenericAndExtensionTests;
			productName = GenericAndExtensionTests;
			productReference = 610154E01CBCDC7A003CAA7E /* GenericAndExtensionTests.xctest */;
			productType = "com.apple.product-type.bundle.unit-test";
		};
		610154EA1CBCDC7A003CAA7E /* GenericAndExtensionUITests */ = {
			isa = PBXNativeTarget;
			buildConfigurationList = 610154FA1CBCDC7A003CAA7E /* Build configuration list for PBXNativeTarget "GenericAndExtensionUITests" */;
			buildPhases = (
				610154E71CBCDC7A003CAA7E /* Sources */,
				610154E81CBCDC7A003CAA7E /* Frameworks */,
				610154E91CBCDC7A003CAA7E /* Resources */,
			);
			buildRules = (
			);
			dependencies = (
				610154ED1CBCDC7A003CAA7E /* PBXTargetDependency */,
			);
			name = GenericAndExtensionUITests;
			productName = GenericAndExtensionUITests;
			productReference = 610154EB1CBCDC7A003CAA7E /* GenericAndExtensionUITests.xctest */;
			productType = "com.apple.product-type.bundle.ui-testing";
		};
/* End PBXNativeTarget section */

/* Begin PBXProject section */
		610154C41CBCDC79003CAA7E /* Project object */ = {
			isa = PBXProject;
			attributes = {
				LastSwiftUpdateCheck = 0730;
				LastUpgradeCheck = 0730;
				ORGANIZATIONNAME = wangchao9;
				TargetAttributes = {
					610154CB1CBCDC79003CAA7E = {
						CreatedOnToolsVersion = 7.3;
					};
					610154DF1CBCDC7A003CAA7E = {
						CreatedOnToolsVersion = 7.3;
						TestTargetID = 610154CB1CBCDC79003CAA7E;
					};
					610154EA1CBCDC7A003CAA7E = {
						CreatedOnToolsVersion = 7.3;
						TestTargetID = 610154CB1CBCDC79003CAA7E;
					};
				};
			};
			buildConfigurationList = 610154C71CBCDC79003CAA7E /* Build configuration list for PBXProject "GenericAndExtension" */;
			compatibilityVersion = "Xcode 3.2";
			developmentRegion = English;
			hasScannedForEncodings = 0;
			knownRegions = (
				en,
				Base,
			);
			mainGroup = 610154C31CBCDC79003CAA7E;
			productRefGroup = 610154CD1CBCDC79003CAA7E /* Products */;
			projectDirPath = "";
			projectRoot = "";
			targets = (
				610154CB1CBCDC79003CAA7E /* GenericAndExtension */,
				610154DF1CBCDC7A003CAA7E /* GenericAndExtensionTests */,
				610154EA1CBCDC7A003CAA7E /* GenericAndExtensionUITests */,
			);
		};
/* End PBXProject section */

/* Begin PBXResourcesBuildPhase section */
		610154CA1CBCDC79003CAA7E /* Resources */ = {
			isa = PBXResourcesBuildPhase;
			buildActionMask = 2147483647;
			files = (
				610154DA1CBCDC7A003CAA7E /* LaunchScreen.storyboard in Resources */,
				610154D71CBCDC7A003CAA7E /* Assets.xcassets in Resources */,
				610154D51CBCDC7A003CAA7E /* Main.storyboard in Resources */,
			);
			runOnlyForDeploymentPostprocessing = 0;
		};
		610154DE1CBCDC7A003CAA7E /* Resources */ = {
			isa = PBXResourcesBuildPhase;
			buildActionMask = 2147483647;
			files = (
			);
			runOnlyForDeploymentPostprocessing = 0;
		};
		610154E91CBCDC7A003CAA7E /* Resources */ = {
			isa = PBXResourcesBuildPhase;
			buildActionMask = 2147483647;
			files = (
			);
			runOnlyForDeploymentPostprocessing = 0;
		};
/* End PBXResourcesBuildPhase section */

/* Begin PBXSourcesBuildPhase section */
		610154C81CBCDC79003CAA7E /* Sources */ = {
			isa = PBXSourcesBuildPhase;
			buildActionMask = 2147483647;
			files = (
				6101550E1CBCDD56003CAA7E /* GClass.swift in Sources */,
				610154D21CBCDC7A003CAA7E /* ViewController.swift in Sources */,
				610154D01CBCDC7A003CAA7E /* AppDelegate.swift in Sources */,
			);
			runOnlyForDeploymentPostprocessing = 0;
		};
		610154DC1CBCDC7A003CAA7E /* Sources */ = {
			isa = PBXSourcesBuildPhase;
			buildActionMask = 2147483647;
			files = (
				610154E51CBCDC7A003CAA7E /* GenericAndExtensionTests.swift in Sources */,
			);
			runOnlyForDeploymentPostprocessing = 0;
		};
		610154E71CBCDC7A003CAA7E /* Sources */ = {
			isa = PBXSourcesBuildPhase;
			buildActionMask = 2147483647;
			files = (
				610154F01CBCDC7A003CAA7E /* GenericAndExtensionUITests.swift in Sources */,
			);
			runOnlyForDeploymentPostprocessing = 0;
		};
/* End PBXSourcesBuildPhase section */

/* Begin PBXTargetDependency section */
		610154E21CBCDC7A003CAA7E /* PBXTargetDependency */ = {
			isa = PBXTargetDependency;
			target = 610154CB1CBCDC79003CAA7E /* GenericAndExtension */;
			targetProxy = 610154E11CBCDC7A003CAA7E /* PBXContainerItemProxy */;
		};
		610154ED1CBCDC7A003CAA7E /* PBXTargetDependency */ = {
			isa = PBXTargetDependency;
			target = 610154CB1CBCDC79003CAA7E /* GenericAndExtension */;
			targetProxy = 610154EC1CBCDC7A003CAA7E /* PBXContainerItemProxy */;
		};
/* End PBXTargetDependency section */

/* Begin PBXVariantGroup section */
		610154D31CBCDC7A003CAA7E /* Main.storyboard */ = {
			isa = PBXVariantGroup;
			children = (
				610154D41CBCDC7A003CAA7E /* Base */,
			);
			name = Main.storyboard;
			sourceTree = "<group>";
		};
		610154D81CBCDC7A003CAA7E /* LaunchScreen.storyboard */ = {
			isa = PBXVariantGroup;
			children = (
				610154D91CBCDC7A003CAA7E /* Base */,
			);
			name = LaunchScreen.storyboard;
			sourceTree = "<group>";
		};
/* End PBXVariantGroup section */

/* Begin XCBuildConfiguration section */
		610154F21CBCDC7A003CAA7E /* Debug */ = {
			isa = XCBuildConfiguration;
			buildSettings = {
				ALWAYS_SEARCH_USER_PATHS = NO;
				CLANG_ANALYZER_NONNULL = YES;
				CLANG_CXX_LANGUAGE_STANDARD = "gnu++0x";
				CLANG_CXX_LIBRARY = "libc++";
				CLANG_ENABLE_MODULES = YES;
				CLANG_ENABLE_OBJC_ARC = YES;
				CLANG_WARN_BOOL_CONVERSION = YES;
				CLANG_WARN_CONSTANT_CONVERSION = YES;
				CLANG_WARN_DIRECT_OBJC_ISA_USAGE = YES_ERROR;
				CLANG_WARN_EMPTY_BODY = YES;
				CLANG_WARN_ENUM_CONVERSION = YES;
				CLANG_WARN_INT_CONVERSION = YES;
				CLANG_WARN_OBJC_ROOT_CLASS = YES_ERROR;
				CLANG_WARN_UNREACHABLE_CODE = YES;
				CLANG_WARN__DUPLICATE_METHOD_MATCH = YES;
				"CODE_SIGN_IDENTITY[sdk=iphoneos*]" = "iPhone Developer";
				COPY_PHASE_STRIP = NO;
				DEBUG_INFORMATION_FORMAT = dwarf;
				ENABLE_STRICT_OBJC_MSGSEND = YES;
				ENABLE_TESTABILITY = YES;
				GCC_C_LANGUAGE_STANDARD = gnu99;
				GCC_DYNAMIC_NO_PIC = NO;
				GCC_NO_COMMON_BLOCKS = YES;
				GCC_OPTIMIZATION_LEVEL = 0;
				GCC_PREPROCESSOR_DEFINITIONS = (
					"DEBUG=1",
					"$(inherited)",
				);
				GCC_WARN_64_TO_32_BIT_CONVERSION = YES;
				GCC_WARN_ABOUT_RETURN_TYPE = YES_ERROR;
				GCC_WARN_UNDECLARED_SELECTOR = YES;
				GCC_WARN_UNINITIALIZED_AUTOS = YES_AGGRESSIVE;
				GCC_WARN_UNUSED_FUNCTION = YES;
				GCC_WARN_UNUSED_VARIABLE = YES;
				IPHONEOS_DEPLOYMENT_TARGET = 9.3;
				MTL_ENABLE_DEBUG_INFO = YES;
				ONLY_ACTIVE_ARCH = YES;
				SDKROOT = iphoneos;
				SWIFT_OPTIMIZATION_LEVEL = "-Onone";
				TARGETED_DEVICE_FAMILY = "1,2";
			};
			name = Debug;
		};
		610154F31CBCDC7A003CAA7E /* Release */ = {
			isa = XCBuildConfiguration;
			buildSettings = {
				ALWAYS_SEARCH_USER_PATHS = NO;
				CLANG_ANALYZER_NONNULL = YES;
				CLANG_CXX_LANGUAGE_STANDARD = "gnu++0x";
				CLANG_CXX_LIBRARY = "libc++";
				CLANG_ENABLE_MODULES = YES;
				CLANG_ENABLE_OBJC_ARC = YES;
				CLANG_WARN_BOOL_CONVERSION = YES;
				CLANG_WARN_CONSTANT_CONVERSION = YES;
				CLANG_WARN_DIRECT_OBJC_ISA_USAGE = YES_ERROR;
				CLANG_WARN_EMPTY_BODY = YES;
				CLANG_WARN_ENUM_CONVERSION = YES;
				CLANG_WARN_INT_CONVERSION = YES;
				CLANG_WARN_OBJC_ROOT_CLASS = YES_ERROR;
				CLANG_WARN_UNREACHABLE_CODE = YES;
				CLANG_WARN__DUPLICATE_METHOD_MATCH = YES;
				"CODE_SIGN_IDENTITY[sdk=iphoneos*]" = "iPhone Developer";
				COPY_PHASE_STRIP = NO;
				DEBUG_INFORMATION_FORMAT = "dwarf-with-dsym";
				ENABLE_NS_ASSERTIONS = NO;
				ENABLE_STRICT_OBJC_MSGSEND = YES;
				GCC_C_LANGUAGE_STANDARD = gnu99;
				GCC_NO_COMMON_BLOCKS = YES;
				GCC_WARN_64_TO_32_BIT_CONVERSION = YES;
				GCC_WARN_ABOUT_RETURN_TYPE = YES_ERROR;
				GCC_WARN_UNDECLARED_SELECTOR = YES;
				GCC_WARN_UNINITIALIZED_AUTOS = YES_AGGRESSIVE;
				GCC_WARN_UNUSED_FUNCTION = YES;
				GCC_WARN_UNUSED_VARIABLE = YES;
				IPHONEOS_DEPLOYMENT_TARGET = 9.3;
				MTL_ENABLE_DEBUG_INFO = NO;
				SDKROOT = iphoneos;
				TARGETED_DEVICE_FAMILY = "1,2";
				VALIDATE_PRODUCT = YES;
			};
			name = Release;
		};
		610154F51CBCDC7A003CAA7E /* Debug */ = {
			isa = XCBuildConfiguration;
			buildSettings = {
				ASSETCATALOG_COMPILER_APPICON_NAME = AppIcon;
				CODE_SIGN_IDENTITY = "iPhone Developer: xiehui xie (T673VPKMTZ)";
				"CODE_SIGN_IDENTITY[sdk=iphoneos*]" = "iPhone Developer: xiehui xie (T673VPKMTZ)";
				INFOPLIST_FILE = GenericAndExtension/Info.plist;
				LD_RUNPATH_SEARCH_PATHS = "$(inherited) @executable_path/Frameworks";
				PRODUCT_BUNDLE_IDENTIFIER = com.le.GenericAndExtension;
				PRODUCT_NAME = "$(TARGET_NAME)";
				PROVISIONING_PROFILE = "4df0f47f-f051-4075-b202-1f3aa58e68a7";
			};
			name = Debug;
		};
		610154F61CBCDC7A003CAA7E /* Release */ = {
			isa = XCBuildConfiguration;
			buildSettings = {
				ASSETCATALOG_COMPILER_APPICON_NAME = AppIcon;
				INFOPLIST_FILE = GenericAndExtension/Info.plist;
				LD_RUNPATH_SEARCH_PATHS = "$(inherited) @executable_path/Frameworks";
				PRODUCT_BUNDLE_IDENTIFIER = com.le.GenericAndExtension;
				PRODUCT_NAME = "$(TARGET_NAME)";
			};
			name = Release;
		};
		610154F81CBCDC7A003CAA7E /* Debug */ = {
			isa = XCBuildConfiguration;
			buildSettings = {
				BUNDLE_LOADER = "$(TEST_HOST)";
				INFOPLIST_FILE = GenericAndExtensionTests/Info.plist;
				LD_RUNPATH_SEARCH_PATHS = "$(inherited) @executable_path/Frameworks @loader_path/Frameworks";
				PRODUCT_BUNDLE_IDENTIFIER = com.le.GenericAndExtensionTests;
				PRODUCT_NAME = "$(TARGET_NAME)";
				TEST_HOST = "$(BUILT_PRODUCTS_DIR)/GenericAndExtension.app/GenericAndExtension";
			};
			name = Debug;
		};
		610154F91CBCDC7A003CAA7E /* Release */ = {
			isa = XCBuildConfiguration;
			buildSettings = {
				BUNDLE_LOADER = "$(TEST_HOST)";
				INFOPLIST_FILE = GenericAndExtensionTests/Info.plist;
				LD_RUNPATH_SEARCH_PATHS = "$(inherited) @executable_path/Frameworks @loader_path/Frameworks";
				PRODUCT_BUNDLE_IDENTIFIER = com.le.GenericAndExtensionTests;
				PRODUCT_NAME = "$(TARGET_NAME)";
				TEST_HOST = "$(BUILT_PRODUCTS_DIR)/GenericAndExtension.app/GenericAndExtension";
			};
			name = Release;
		};
		610154FB1CBCDC7A003CAA7E /* Debug */ = {
			isa = XCBuildConfiguration;
			buildSettings = {
				INFOPLIST_FILE = GenericAndExtensionUITests/Info.plist;
				LD_RUNPATH_SEARCH_PATHS = "$(inherited) @executable_path/Frameworks @loader_path/Frameworks";
				PRODUCT_BUNDLE_IDENTIFIER = com.le.GenericAndExtensionUITests;
				PRODUCT_NAME = "$(TARGET_NAME)";
				TEST_TARGET_NAME = GenericAndExtension;
			};
			name = Debug;
		};
		610154FC1CBCDC7A003CAA7E /* Release */ = {
			isa = XCBuildConfiguration;
			buildSettings = {
				INFOPLIST_FILE = GenericAndExtensionUITests/Info.plist;
				LD_RUNPATH_SEARCH_PATHS = "$(inherited) @executable_path/Frameworks @loader_path/Frameworks";
				PRODUCT_BUNDLE_IDENTIFIER = com.le.GenericAndExtensionUITests;
				PRODUCT_NAME = "$(TARGET_NAME)";
				TEST_TARGET_NAME = GenericAndExtension;
			};
			name = Release;
		};
/* End XCBuildConfiguration section */

/* Begin XCConfigurationList section */
		610154C71CBCDC79003CAA7E /* Build configuration list for PBXProject "GenericAndExtension" */ = {
			isa = XCConfigurationList;
			buildConfigurations = (
				610154F21CBCDC7A003CAA7E /* Debug */,
				610154F31CBCDC7A003CAA7E /* Release */,
			);
			defaultConfigurationIsVisible = 0;
			defaultConfigurationName = Release;
		};
		610154F41CBCDC7A003CAA7E /* Build configuration list for PBXNativeTarget "GenericAndExtension" */ = {
			isa = XCConfigurationList;
			buildConfigurations = (
				610154F51CBCDC7A003CAA7E /* Debug */,
				610154F61CBCDC7A003CAA7E /* Release */,
			);
			defaultConfigurationIsVisible = 0;
		};
		610154F71CBCDC7A003CAA7E /* Build configuration list for PBXNativeTarget "GenericAndExtensionTests" */ = {
			isa = XCConfigurationList;
			buildConfigurations = (
				610154F81CBCDC7A003CAA7E /* Debug */,
				610154F91CBCDC7A003CAA7E /* Release */,
			);
			defaultConfigurationIsVisible = 0;
		};
		610154FA1CBCDC7A003CAA7E /* Build configuration list for PBXNativeTarget "GenericAndExtensionUITests" */ = {
			isa = XCConfigurationList;
			buildConfigurations = (
				610154FB1CBCDC7A003CAA7E /* Debug */,
				610154FC1CBCDC7A003CAA7E /* Release */,
			);
			defaultConfigurationIsVisible = 0;
		};
/* End XCConfigurationList section */
	};
	rootObject = 610154C41CBCDC79003CAA7E /* Project object */;
}
